Microsoft Visual Studio Solution File, Format Version 11.00
# Visual Studio 2008

Project("{52FAA3A1-1C1F-6798-BFFC-E11F8527F00B}") = "cs113Project", "Assembly-CSharp-firstpass.csproj", "{BAD6C824-3E09-2610-E41B-F284AC351DFF}"
EndProject
Project("{52FAA3A1-1C1F-6798-BFFC-E11F8527F00B}") = "cs113Project", "Assembly-CSharp.csproj", "{DCE58CC8-2F67-99DC-32DD-1298B27655C4}"
EndProject
Project("{52FAA3A1-1C1F-6798-BFFC-E11F8527F00B}") = "cs113Project", "Assembly-UnityScript-firstpass.unityproj", "{47C108E7-1CF5-C544-67FE-B12D4D10CCA8}"
EndProject
Global
	GlobalSection(SolutionConfigurationPlatforms) = preSolution
		Debug|Any CPU = Debug|Any CPU
		Release|Any CPU = Release|Any CPU
	EndGlobalSection
	GlobalSection(ProjectConfigurationPlatforms) = postSolution
		{BAD6C824-3E09-2610-E41B-F284AC351DFF}.Debug|Any CPU.ActiveCfg = Debug|Any CPU
		{BAD6C824-3E09-2610-E41B-F284AC351DFF}.Debug|Any CPU.Build.0 = Debug|Any CPU
		{BAD6C824-3E09-2610-E41B-F284AC351DFF}.Release|Any CPU.ActiveCfg = Release|Any CPU
		{BAD6C824-3E09-2610-E41B-F284AC351DFF}.Release|Any CPU.Build.0 = Release|Any CPU
		{DCE58CC8-2F67-99DC-32DD-1298B27655C4}.Debug|Any CPU.ActiveCfg = Debug|Any CPU
		{DCE58CC8-2F67-99DC-32DD-1298B27655C4}.Debug|Any CPU.Build.0 = Debug|Any CPU
		{DCE58CC8-2F67-99DC-32DD-1298B27655C4}.Release|Any CPU.ActiveCfg = Release|Any CPU
		{DCE58CC8-2F67-99DC-32DD-1298B27655C4}.Release|Any CPU.Build.0 = Release|Any CPU
		{47C108E7-1CF5-C544-67FE-B12D4D10CCA8}.Debug|Any CPU.ActiveCfg = Debug|Any CPU
		{47C108E7-1CF5-C544-67FE-B12D4D10CCA8}.Debug|Any CPU.Build.0 = Debug|Any CPU
		{47C108E7-1CF5-C544-67FE-B12D4D10CCA8}.Release|Any CPU.ActiveCfg = Release|Any CPU
		{47C108E7-1CF5-C544-67FE-B12D4D10CCA8}.Release|Any CPU.Build.0 = Release|Any CPU
	EndGlobalSection
	GlobalSection(SolutionProperties) = preSolution
		HideSolutionNode = FALSE
	EndGlobalSection
<<<<<<< HEAD
																																																																																																		GlobalSection(MonoDevelopProperties) = preSolution
=======
																																																																																																					GlobalSection(MonoDevelopProperties) = preSolution
>>>>>>> 2fb0f336787d52018279974217b9cbfa01c8afe2
=======
																																																																	GlobalSection(MonoDevelopProperties) = preSolution
>>>>>>> 2ba35135cafee78603b088446b4ce0182f687c81
=======
																																																																					GlobalSection(MonoDevelopProperties) = preSolution
>>>>>>> 33869425458b80d7ddb0770ec28f572eca7ada2c
=======
																																																									GlobalSection(MonoDevelopProperties) = preSolution
>>>>>>> f3b07766fd6a8b49f3cdc8c7ab4b5013d5f6df89
=======
																																																								GlobalSection(MonoDevelopProperties) = preSolution
>>>>>>> parent of f3b0776... third person crosshair
=======
																																																	GlobalSection(MonoDevelopProperties) = preSolution
>>>>>>> 27c08293953260e534c8c7f22e653dee3d8b56ad
		StartupItem = Assembly-CSharp.csproj
		Policies = $0
		$0.TextStylePolicy = $1
		$1.inheritsSet = null
		$1.scope = text/x-csharp
		$0.CSharpFormattingPolicy = $2
		$2.inheritsSet = Mono
		$2.inheritsScope = text/x-csharp
		$2.scope = text/x-csharp
		$0.TextStylePolicy = $3
		$3.FileWidth = 120
		$3.TabWidth = 4
		$3.EolMarker = Unix
		$3.inheritsSet = Mono
		$3.inheritsScope = text/plain
		$3.scope = text/plain
	EndGlobalSection

EndGlobal
